
Microsoft Visual Studio Solution File, Format Version 12.00
# Visual Studio Version 16
VisualStudioVersion = 16.0.30413.136
MinimumVisualStudioVersion = 10.0.40219.1
Project("{FAE04EC0-301F-11D3-BF4B-00C04F79EFBC}") = "SupermarketSklavenitis", "SupermarketSklavenitis\SupermarketSklavenitis.csproj", "{7CF49846-4BB6-40BA-AB72-1A838FCADBC9}"
EndProject
Global
	GlobalSection(SolutionConfigurationPlatforms) = preSolution
		Debug|Any CPU = Debug|Any CPU
		Release|Any CPU = Release|Any CPU
	EndGlobalSection
	GlobalSection(ProjectConfigurationPlatforms) = postSolution
		{7CF49846-4BB6-40BA-AB72-1A838FCADBC9}.Debug|Any CPU.ActiveCfg = Debug|Any CPU
		{7CF49846-4BB6-40BA-AB72-1A838FCADBC9}.Debug|Any CPU.Build.0 = Debug|Any CPU
		{7CF49846-4BB6-40BA-AB72-1A838FCADBC9}.Release|Any CPU.ActiveCfg = Release|Any CPU
		{7CF49846-4BB6-40BA-AB72-1A838FCADBC9}.Release|Any CPU.Build.0 = Release|Any CPU
	EndGlobalSection
	GlobalSection(SolutionProperties) = preSolution
		HideSolutionNode = FALSE
	EndGlobalSection
	GlobalSection(ExtensibilityGlobals) = postSolution
		SolutionGuid = {4ED9642B-B597-4F6A-B3CD-3B94B99732FA}
	EndGlobalSection
EndGlobal
